// !$*UTF8*$!
{
	archiveVersion = 1;
	classes = {
	};
	objectVersion = 46;
	objects = {

/* Begin PBXBuildFile section */
		E40243151CEFA15700CBC97B /* YGView.m in Sources */ = {isa = PBXBuildFile; fileRef = E40243141CEFA15700CBC97B /* YGView.m */; };
		E45903CE1CEE449000553B36 /* main.m in Sources */ = {isa = PBXBuildFile; fileRef = E45903CD1CEE449000553B36 /* main.m */; };
		E45903D11CEE449000553B36 /* AppDelegate.m in Sources */ = {isa = PBXBuildFile; fileRef = E45903D01CEE449000553B36 /* AppDelegate.m */; };
		E45903D41CEE449000553B36 /* ViewController.m in Sources */ = {isa = PBXBuildFile; fileRef = E45903D31CEE449000553B36 /* ViewController.m */; };
		E45903D71CEE449000553B36 /* Main.storyboard in Resources */ = {isa = PBXBuildFile; fileRef = E45903D51CEE449000553B36 /* Main.storyboard */; };
		E45903D91CEE449000553B36 /* Assets.xcassets in Resources */ = {isa = PBXBuildFile; fileRef = E45903D81CEE449000553B36 /* Assets.xcassets */; };
		E45903DC1CEE449000553B36 /* LaunchScreen.storyboard in Resources */ = {isa = PBXBuildFile; fileRef = E45903DA1CEE449000553B36 /* LaunchScreen.storyboard */; };
		E45903E51CEE44DF00553B36 /* Person.m in Sources */ = {isa = PBXBuildFile; fileRef = E45903E41CEE44DF00553B36 /* Person.m */; };
		E45903E81CEE875500553B36 /* YGThread.m in Sources */ = {isa = PBXBuildFile; fileRef = E45903E71CEE875500553B36 /* YGThread.m */; };
/* End PBXBuildFile section */

/* Begin PBXFileReference section */
		E40243131CEFA15700CBC97B /* YGView.h */ = {isa = PBXFileReference; fileEncoding = 4; lastKnownFileType = sourcecode.c.h; path = YGView.h; sourceTree = "<group>"; };
		E40243141CEFA15700CBC97B /* YGView.m */ = {isa = PBXFileReference; fileEncoding = 4; lastKnownFileType = sourcecode.c.objc; path = YGView.m; sourceTree = "<group>"; };
		E45903C91CEE449000553B36 /* RunLoopTest.app */ = {isa = PBXFileReference; explicitFileType = wrapper.application; includeInIndex = 0; path = RunLoopTest.app; sourceTree = BUILT_PRODUCTS_DIR; };
		E45903CD1CEE449000553B36 /* main.m */ = {isa = PBXFileReference; lastKnownFileType = sourcecode.c.objc; path = main.m; sourceTree = "<group>"; };
		E45903CF1CEE449000553B36 /* AppDelegate.h */ = {isa = PBXFileReference; lastKnownFileType = sourcecode.c.h; path = AppDelegate.h; sourceTree = "<group>"; };
		E45903D01CEE449000553B36 /* AppDelegate.m */ = {isa = PBXFileReference; lastKnownFileType = sourcecode.c.objc; path = AppDelegate.m; sourceTree = "<group>"; };
		E45903D21CEE449000553B36 /* ViewController.h */ = {isa = PBXFileReference; lastKnownFileType = sourcecode.c.h; path = ViewController.h; sourceTree = "<group>"; };
		E45903D31CEE449000553B36 /* ViewController.m */ = {isa = PBXFileReference; lastKnownFileType = sourcecode.c.objc; path = ViewController.m; sourceTree = "<group>"; };
		E45903D61CEE449000553B36 /* Base */ = {isa = PBXFileReference; lastKnownFileType = file.storyboard; name = Base; path = Base.lproj/Main.storyboard; sourceTree = "<group>"; };
		E45903D81CEE449000553B36 /* Assets.xcassets */ = {isa = PBXFileReference; lastKnownFileType = folder.assetcatalog; path = Assets.xcassets; sourceTree = "<group>"; };
		E45903DB1CEE449000553B36 /* Base */ = {isa = PBXFileReference; lastKnownFileType = file.storyboard; name = Base; path = Base.lproj/LaunchScreen.storyboard; sourceTree = "<group>"; };
		E45903DD1CEE449000553B36 /* Info.plist */ = {isa = PBXFileReference; lastKnownFileType = text.plist.xml; path = Info.plist; sourceTree = "<group>"; };
		E45903E31CEE44DF00553B36 /* Person.h */ = {isa = PBXFileReference; fileEncoding = 4; lastKnownFileType = sourcecode.c.h; path = Person.h; sourceTree = "<group>"; };
		E45903E41CEE44DF00553B36 /* Person.m */ = {isa = PBXFileReference; fileEncoding = 4; lastKnownFileType = sourcecode.c.objc; path = Person.m; sourceTree = "<group>"; };
		E45903E61CEE875500553B36 /* YGThread.h */ = {isa = PBXFileReference; fileEncoding = 4; lastKnownFileType = sourcecode.c.h; path = YGThread.h; sourceTree = "<group>"; };
		E45903E71CEE875500553B36 /* YGThread.m */ = {isa = PBXFileReference; fileEncoding = 4; lastKnownFileType = sourcecode.c.objc; path = YGThread.m; sourceTree = "<group>"; };
/* End PBXFileReference section */

/* Begin PBXFrameworksBuildPhase section */
		E45903C61CEE449000553B36 /* Frameworks */ = {
			isa = PBXFrameworksBuildPhase;
			buildActionMask = 2147483647;
			files = (
			);
			runOnlyForDeploymentPostprocessing = 0;
		};
/* End PBXFrameworksBuildPhase section */

/* Begin PBXGroup section */
		E45903C01CEE449000553B36 = {
			isa = PBXGroup;
			children = (
				E45903CB1CEE449000553B36 /* RunLoopTest */,
				E45903CA1CEE449000553B36 /* Products */,
			);
			sourceTree = "<group>";
		};
		E45903CA1CEE449000553B36 /* Products */ = {
			isa = PBXGroup;
			children = (
				E45903C91CEE449000553B36 /* RunLoopTest.app */,
			);
			name = Products;
			sourceTree = "<group>";
		};
		E45903CB1CEE449000553B36 /* RunLoopTest */ = {
			isa = PBXGroup;
			children = (
				E45903CF1CEE449000553B36 /* AppDelegate.h */,
				E45903D01CEE449000553B36 /* AppDelegate.m */,
				E45903D21CEE449000553B36 /* ViewController.h */,
				E45903D31CEE449000553B36 /* ViewController.m */,
				E45903D51CEE449000553B36 /* Main.storyboard */,
				E45903D81CEE449000553B36 /* Assets.xcassets */,
				E45903DA1CEE449000553B36 /* LaunchScreen.storyboard */,
				E45903CC1CEE449000553B36 /* Supporting Files */,
				E45903E31CEE44DF00553B36 /* Person.h */,
				E45903E41CEE44DF00553B36 /* Person.m */,
				E45903E61CEE875500553B36 /* YGThread.h */,
				E45903E71CEE875500553B36 /* YGThread.m */,
				E40243131CEFA15700CBC97B /* YGView.h */,
				E40243141CEFA15700CBC97B /* YGView.m */,
			);
			path = RunLoopTest;
			sourceTree = "<group>";
		};
		E45903CC1CEE449000553B36 /* Supporting Files */ = {
			isa = PBXGroup;
			children = (
				E45903DD1CEE449000553B36 /* Info.plist */,
				E45903CD1CEE449000553B36 /* main.m */,
			);
			name = "Supporting Files";
			sourceTree = "<group>";
		};
/* End PBXGroup section */

/* Begin PBXNativeTarget section */
		E45903C81CEE449000553B36 /* RunLoopTest */ = {
			isa = PBXNativeTarget;
			buildConfigurationList = E45903E01CEE449000553B36 /* Build configuration list for PBXNativeTarget "RunLoopTest" */;
			buildPhases = (
				E45903C51CEE449000553B36 /* Sources */,
				E45903C61CEE449000553B36 /* Frameworks */,
				E45903C71CEE449000553B36 /* Resources */,
			);
			buildRules = (
			);
			dependencies = (
			);
			name = RunLoopTest;
			productName = RunLoopTest;
			productReference = E45903C91CEE449000553B36 /* RunLoopTest.app */;
			productType = "com.apple.product-type.application";
		};
/* End PBXNativeTarget section */

/* Begin PBXProject section */
		E45903C11CEE449000553B36 /* Project object */ = {
			isa = PBXProject;
			attributes = {
				LastUpgradeCheck = 0710;
				ORGANIZATIONNAME = yg;
				TargetAttributes = {
					E45903C81CEE449000553B36 = {
						CreatedOnToolsVersion = 7.1.1;
						DevelopmentTeam = S4C3D2N349;
					};
				};
			};
			buildConfigurationList = E45903C41CEE449000553B36 /* Build configuration list for PBXProject "RunLoopTest" */;
			compatibilityVersion = "Xcode 3.2";
			developmentRegion = English;
			hasScannedForEncodings = 0;
			knownRegions = (
				en,
				Base,
			);
			mainGroup = E45903C01CEE449000553B36;
			productRefGroup = E45903CA1CEE449000553B36 /* Products */;
			projectDirPath = "";
			projectRoot = "";
			targets = (
				E45903C81CEE449000553B36 /* RunLoopTest */,
			);
		};
/* End PBXProject section */

/* Begin PBXResourcesBuildPhase section */
		E45903C71CEE449000553B36 /* Resources */ = {
			isa = PBXResourcesBuildPhase;
			buildActionMask = 2147483647;
			files = (
				E45903DC1CEE449000553B36 /* LaunchScreen.storyboard in Resources */,
				E45903D91CEE449000553B36 /* Assets.xcassets in Resources */,
				E45903D71CEE449000553B36 /* Main.storyboard in Resources */,
			);
			runOnlyForDeploymentPostprocessing = 0;
		};
/* End PBXResourcesBuildPhase section */

/* Begin PBXSourcesBuildPhase section */
		E45903C51CEE449000553B36 /* Sources */ = {
			isa = PBXSourcesBuildPhase;
			buildActionMask = 2147483647;
			files = (
				E45903D41CEE449000553B36 /* ViewController.m in Sources */,
				E45903D11CEE449000553B36 /* AppDelegate.m in Sources */,
				E40243151CEFA15700CBC97B /* YGView.m in Sources */,
				E45903E51CEE44DF00553B36 /* Person.m in Sources */,
				E45903E81CEE875500553B36 /* YGThread.m in Sources */,
				E45903CE1CEE449000553B36 /* main.m in Sources */,
			);
			runOnlyForDeploymentPostprocessing = 0;
		};
/* End PBXSourcesBuildPhase section */

/* Begin PBXVariantGroup section */
		E45903D51CEE449000553B36 /* Main.storyboard */ = {
			isa = PBXVariantGroup;
			children = (
				E45903D61CEE449000553B36 /* Base */,
			);
			name = Main.storyboard;
			sourceTree = "<group>";
		};
		E45903DA1CEE449000553B36 /* LaunchScreen.storyboard */ = {
			isa = PBXVariantGroup;
			children = (
				E45903DB1CEE449000553B36 /* Base */,
			);
			name = LaunchScreen.storyboard;
			sourceTree = "<group>";
		};
/* End PBXVariantGroup section */

/* Begin XCBuildConfiguration section */
		E45903DE1CEE449000553B36 /* Debug */ = {
			isa = XCBuildConfiguration;
			buildSettings = {
				ALWAYS_SEARCH_USER_PATHS = NO;
				CLANG_CXX_LANGUAGE_STANDARD = "gnu++0x";
				CLANG_CXX_LIBRARY = "libc++";
				CLANG_ENABLE_MODULES = YES;
				CLANG_ENABLE_OBJC_ARC = YES;
				CLANG_WARN_BOOL_CONVERSION = YES;
				CLANG_WARN_CONSTANT_CONVERSION = YES;
				CLANG_WARN_DIRECT_OBJC_ISA_USAGE = YES_ERROR;
				CLANG_WARN_EMPTY_BODY = YES;
				CLANG_WARN_ENUM_CONVERSION = YES;
				CLANG_WARN_INT_CONVERSION = YES;
				CLANG_WARN_OBJC_ROOT_CLASS = YES_ERROR;
				CLANG_WARN_UNREACHABLE_CODE = YES;
				CLANG_WARN__DUPLICATE_METHOD_MATCH = YES;
				"CODE_SIGN_IDENTITY[sdk=iphoneos*]" = "iPhone Developer";
				COPY_PHASE_STRIP = NO;
				DEBUG_INFORMATION_FORMAT = dwarf;
				ENABLE_STRICT_OBJC_MSGSEND = YES;
				ENABLE_TESTABILITY = YES;
				GCC_C_LANGUAGE_STANDARD = gnu99;
				GCC_DYNAMIC_NO_PIC = NO;
				GCC_NO_COMMON_BLOCKS = YES;
				GCC_OPTIMIZATION_LEVEL = 0;
				GCC_PREPROCESSOR_DEFINITIONS = (
					"DEBUG=1",
					"$(inherited)",
				);
				GCC_WARN_64_TO_32_BIT_CONVERSION = YES;
				GCC_WARN_ABOUT_RETURN_TYPE = YES_ERROR;
				GCC_WARN_UNDECLARED_SELECTOR = YES;
				GCC_WARN_UNINITIALIZED_AUTOS = YES_AGGRESSIVE;
				GCC_WARN_UNUSED_FUNCTION = YES;
				GCC_WARN_UNUSED_VARIABLE = YES;
				IPHONEOS_DEPLOYMENT_TARGET = 9.1;
				MTL_ENABLE_DEBUG_INFO = YES;
				ONLY_ACTIVE_ARCH = YES;
				SDKROOT = iphoneos;
			};
			name = Debug;
		};
		E45903DF1CEE449000553B36 /* Release */ = {
			isa = XCBuildConfiguration;
			buildSettings = {
				ALWAYS_SEARCH_USER_PATHS = NO;
				CLANG_CXX_LANGUAGE_STANDARD = "gnu++0x";
				CLANG_CXX_LIBRARY = "libc++";
				CLANG_ENABLE_MODULES = YES;
				CLANG_ENABLE_OBJC_ARC = YES;
				CLANG_WARN_BOOL_CONVERSION = YES;
				CLANG_WARN_CONSTANT_CONVERSION = YES;
				CLANG_WARN_DIRECT_OBJC_ISA_USAGE = YES_ERROR;
				CLANG_WARN_EMPTY_BODY = YES;
				CLANG_WARN_ENUM_CONVERSION = YES;
				CLANG_WARN_INT_CONVERSION = YES;
				CLANG_WARN_OBJC_ROOT_CLASS = YES_ERROR;
				CLANG_WARN_UNREACHABLE_CODE = YES;
				CLANG_WARN__DUPLICATE_METHOD_MATCH = YES;
				"CODE_SIGN_IDENTITY[sdk=iphoneos*]" = "iPhone Developer";
				COPY_PHASE_STRIP = NO;
				DEBUG_INFORMATION_FORMAT = "dwarf-with-dsym";
				ENABLE_NS_ASSERTIONS = NO;
				ENABLE_STRICT_OBJC_MSGSEND = YES;
				GCC_C_LANGUAGE_STANDARD = gnu99;
				GCC_NO_COMMON_BLOCKS = YES;
				GCC_WARN_64_TO_32_BIT_CONVERSION = YES;
				GCC_WARN_ABOUT_RETURN_TYPE = YES_ERROR;
				GCC_WARN_UNDECLARED_SELECTOR = YES;
				GCC_WARN_UNINITIALIZED_AUTOS = YES_AGGRESSIVE;
				GCC_WARN_UNUSED_FUNCTION = YES;
				GCC_WARN_UNUSED_VARIABLE = YES;
				IPHONEOS_DEPLOYMENT_TARGET = 9.1;
				MTL_ENABLE_DEBUG_INFO = NO;
				SDKROOT = iphoneos;
				VALIDATE_PRODUCT = YES;
			};
			name = Release;
		};
		E45903E11CEE449000553B36 /* Debug */ = {
			isa = XCBuildConfiguration;
			buildSettings = {
				ASSETCATALOG_COMPILER_APPICON_NAME = AppIcon;
				INFOPLIST_FILE = RunLoopTest/Info.plist;
				LD_RUNPATH_SEARCH_PATHS = "$(inherited) @executable_path/Frameworks";
				PRODUCT_BUNDLE_IDENTIFIER = com.yg.RunLoopTest;
				PRODUCT_NAME = "$(TARGET_NAME)";
			};
			name = Debug;
		};
		E45903E21CEE449000553B36 /* Release */ = {
			isa = XCBuildConfiguration;
			buildSettings = {
				ASSETCATALOG_COMPILER_APPICON_NAME = AppIcon;
				INFOPLIST_FILE = RunLoopTest/Info.plist;
				LD_RUNPATH_SEARCH_PATHS = "$(inherited) @executable_path/Frameworks";
				PRODUCT_BUNDLE_IDENTIFIER = com.yg.RunLoopTest;
				PRODUCT_NAME = "$(TARGET_NAME)";
			};
			name = Release;
		};
/* End XCBuildConfiguration section */

/* Begin XCConfigurationList section */
		E45903C41CEE449000553B36 /* Build configuration list for PBXProject "RunLoopTest" */ = {
			isa = XCConfigurationList;
			buildConfigurations = (
				E45903DE1CEE449000553B36 /* Debug */,
				E45903DF1CEE449000553B36 /* Release */,
			);
			defaultConfigurationIsVisible = 0;
			defaultConfigurationName = Release;
		};
		E45903E01CEE449000553B36 /* Build configuration list for PBXNativeTarget "RunLoopTest" */ = {
			isa = XCConfigurationList;
			buildConfigurations = (
				E45903E11CEE449000553B36 /* Debug */,
				E45903E21CEE449000553B36 /* Release */,
			);
			defaultConfigurationIsVisible = 0;
			defaultConfigurationName = Release;
		};
/* End XCConfigurationList section */
	};
	rootObject = E45903C11CEE449000553B36 /* Project object */;
}
