// !$*UTF8*$!
{
	archiveVersion = 1;
	classes = {
	};
	objectVersion = 50;
	objects = {

/* Begin PBXBuildFile section */
		382DC83425E4A2D4009474A2 /* main.m in Sources */ = {isa = PBXBuildFile; fileRef = 382DC82625E49FCC009474A2 /* main.m */; };
		384DC4BD25ECC58C00F89657 /* AspectProxy.m in Sources */ = {isa = PBXBuildFile; fileRef = 384DC4BA25ECC58C00F89657 /* AspectProxy.m */; };
		384DC4BE25ECC58C00F89657 /* AuditingInvoker.m in Sources */ = {isa = PBXBuildFile; fileRef = 384DC4BB25ECC58C00F89657 /* AuditingInvoker.m */; };
		384DC4BF25ECC58C00F89657 /* Student.m in Sources */ = {isa = PBXBuildFile; fileRef = 384DC4BC25ECC58C00F89657 /* Student.m */; };
/* End PBXBuildFile section */

/* Begin PBXCopyFilesBuildPhase section */
		382DC82125E49FCC009474A2 /* CopyFiles */ = {
			isa = PBXCopyFilesBuildPhase;
			buildActionMask = 2147483647;
			dstPath = /usr/share/man/man1/;
			dstSubfolderSpec = 0;
			files = (
			);
			runOnlyForDeploymentPostprocessing = 1;
		};
/* End PBXCopyFilesBuildPhase section */

/* Begin PBXFileReference section */
		382DC82325E49FCC009474A2 /* OC_Bottom */ = {isa = PBXFileReference; explicitFileType = "compiled.mach-o.executable"; includeInIndex = 0; path = OC_Bottom; sourceTree = BUILT_PRODUCTS_DIR; };
		382DC82625E49FCC009474A2 /* main.m */ = {isa = PBXFileReference; lastKnownFileType = sourcecode.c.objc; path = main.m; sourceTree = "<group>"; };
		382DC82E25E4A289009474A2 /* main.cpp */ = {isa = PBXFileReference; fileEncoding = 4; lastKnownFileType = sourcecode.cpp.cpp; path = main.cpp; sourceTree = "<group>"; };
		382DC82F25E4A289009474A2 /* main-arm64.cpp */ = {isa = PBXFileReference; fileEncoding = 4; lastKnownFileType = sourcecode.cpp.cpp; path = "main-arm64.cpp"; sourceTree = "<group>"; };
		384DC4B625ECC58C00F89657 /* Invoker.h */ = {isa = PBXFileReference; fileEncoding = 4; lastKnownFileType = sourcecode.c.h; path = Invoker.h; sourceTree = "<group>"; };
		384DC4B725ECC58C00F89657 /* AspectProxy.h */ = {isa = PBXFileReference; fileEncoding = 4; lastKnownFileType = sourcecode.c.h; path = AspectProxy.h; sourceTree = "<group>"; };
		384DC4B825ECC58C00F89657 /* AuditingInvoker.h */ = {isa = PBXFileReference; fileEncoding = 4; lastKnownFileType = sourcecode.c.h; path = AuditingInvoker.h; sourceTree = "<group>"; };
		384DC4B925ECC58C00F89657 /* Student.h */ = {isa = PBXFileReference; fileEncoding = 4; lastKnownFileType = sourcecode.c.h; path = Student.h; sourceTree = "<group>"; };
		384DC4BA25ECC58C00F89657 /* AspectProxy.m */ = {isa = PBXFileReference; fileEncoding = 4; lastKnownFileType = sourcecode.c.objc; path = AspectProxy.m; sourceTree = "<group>"; };
		384DC4BB25ECC58C00F89657 /* AuditingInvoker.m */ = {isa = PBXFileReference; fileEncoding = 4; lastKnownFileType = sourcecode.c.objc; path = AuditingInvoker.m; sourceTree = "<group>"; };
		384DC4BC25ECC58C00F89657 /* Student.m */ = {isa = PBXFileReference; fileEncoding = 4; lastKnownFileType = sourcecode.c.objc; path = Student.m; sourceTree = "<group>"; };
/* End PBXFileReference section */

/* Begin PBXFrameworksBuildPhase section */
		382DC82025E49FCC009474A2 /* Frameworks */ = {
			isa = PBXFrameworksBuildPhase;
			buildActionMask = 2147483647;
			files = (
			);
			runOnlyForDeploymentPostprocessing = 0;
		};
/* End PBXFrameworksBuildPhase section */

/* Begin PBXGroup section */
		382DC81A25E49FCC009474A2 = {
			isa = PBXGroup;
			children = (
				382DC82525E49FCC009474A2 /* OC_Bottom */,
				382DC82425E49FCC009474A2 /* Products */,
			);
			sourceTree = "<group>";
		};
		382DC82425E49FCC009474A2 /* Products */ = {
			isa = PBXGroup;
			children = (
				382DC82325E49FCC009474A2 /* OC_Bottom */,
			);
			name = Products;
			sourceTree = "<group>";
		};
		382DC82525E49FCC009474A2 /* OC_Bottom */ = {
			isa = PBXGroup;
			children = (
				384DC4B525ECC54100F89657 /* AspectProxy */,
				382DC82F25E4A289009474A2 /* main-arm64.cpp */,
				382DC82E25E4A289009474A2 /* main.cpp */,
				382DC82625E49FCC009474A2 /* main.m */,
			);
			path = OC_Bottom;
			sourceTree = "<group>";
		};
		384DC4B525ECC54100F89657 /* AspectProxy */ = {
			isa = PBXGroup;
			children = (
				384DC4B725ECC58C00F89657 /* AspectProxy.h */,
				384DC4BA25ECC58C00F89657 /* AspectProxy.m */,
				384DC4B825ECC58C00F89657 /* AuditingInvoker.h */,
				384DC4BB25ECC58C00F89657 /* AuditingInvoker.m */,
				384DC4B625ECC58C00F89657 /* Invoker.h */,
				384DC4B925ECC58C00F89657 /* Student.h */,
				384DC4BC25ECC58C00F89657 /* Student.m */,
			);
			path = AspectProxy;
			sourceTree = "<group>";
		};
/* End PBXGroup section */

/* Begin PBXNativeTarget section */
		382DC82225E49FCC009474A2 /* OC_Bottom */ = {
			isa = PBXNativeTarget;
			buildConfigurationList = 382DC82A25E49FCC009474A2 /* Build configuration list for PBXNativeTarget "OC_Bottom" */;
			buildPhases = (
				382DC81F25E49FCC009474A2 /* Sources */,
				382DC82025E49FCC009474A2 /* Frameworks */,
				382DC82125E49FCC009474A2 /* CopyFiles */,
			);
			buildRules = (
			);
			dependencies = (
			);
			name = OC_Bottom;
			productName = OC_Bottom;
			productReference = 382DC82325E49FCC009474A2 /* OC_Bottom */;
			productType = "com.apple.product-type.tool";
		};
/* End PBXNativeTarget section */

/* Begin PBXProject section */
		382DC81B25E49FCC009474A2 /* Project object */ = {
			isa = PBXProject;
			attributes = {
				LastUpgradeCheck = 1240;
				TargetAttributes = {
					382DC82225E49FCC009474A2 = {
						CreatedOnToolsVersion = 12.4;
					};
				};
			};
			buildConfigurationList = 382DC81E25E49FCC009474A2 /* Build configuration list for PBXProject "OC_Bottom" */;
			compatibilityVersion = "Xcode 9.3";
			developmentRegion = en;
			hasScannedForEncodings = 0;
			knownRegions = (
				en,
				Base,
			);
			mainGroup = 382DC81A25E49FCC009474A2;
			productRefGroup = 382DC82425E49FCC009474A2 /* Products */;
			projectDirPath = "";
			projectRoot = "";
			targets = (
				382DC82225E49FCC009474A2 /* OC_Bottom */,
			);
		};
/* End PBXProject section */

/* Begin PBXSourcesBuildPhase section */
		382DC81F25E49FCC009474A2 /* Sources */ = {
			isa = PBXSourcesBuildPhase;
			buildActionMask = 2147483647;
			files = (
				384DC4BD25ECC58C00F89657 /* AspectProxy.m in Sources */,
				384DC4BE25ECC58C00F89657 /* AuditingInvoker.m in Sources */,
				382DC83425E4A2D4009474A2 /* main.m in Sources */,
				384DC4BF25ECC58C00F89657 /* Student.m in Sources */,
			);
			runOnlyForDeploymentPostprocessing = 0;
		};
/* End PBXSourcesBuildPhase section */

/* Begin XCBuildConfiguration section */
		382DC82825E49FCC009474A2 /* Debug */ = {
			isa = XCBuildConfiguration;
			buildSettings = {
				ALWAYS_SEARCH_USER_PATHS = NO;
				CLANG_ANALYZER_NONNULL = YES;
				CLANG_ANALYZER_NUMBER_OBJECT_CONVERSION = YES_AGGRESSIVE;
				CLANG_CXX_LANGUAGE_STANDARD = "gnu++14";
				CLANG_CXX_LIBRARY = "libc++";
				CLANG_ENABLE_MODULES = YES;
				CLANG_ENABLE_OBJC_ARC = YES;
				CLANG_ENABLE_OBJC_WEAK = YES;
				CLANG_WARN_BLOCK_CAPTURE_AUTORELEASING = YES;
				CLANG_WARN_BOOL_CONVERSION = YES;
				CLANG_WARN_COMMA = YES;
				CLANG_WARN_CONSTANT_CONVERSION = YES;
				CLANG_WARN_DEPRECATED_OBJC_IMPLEMENTATIONS = YES;
				CLANG_WARN_DIRECT_OBJC_ISA_USAGE = YES_ERROR;
				CLANG_WARN_DOCUMENTATION_COMMENTS = YES;
				CLANG_WARN_EMPTY_BODY = YES;
				CLANG_WARN_ENUM_CONVERSION = YES;
				CLANG_WARN_INFINITE_RECURSION = YES;
				CLANG_WARN_INT_CONVERSION = YES;
				CLANG_WARN_NON_LITERAL_NULL_CONVERSION = YES;
				CLANG_WARN_OBJC_IMPLICIT_RETAIN_SELF = YES;
				CLANG_WARN_OBJC_LITERAL_CONVERSION = YES;
				CLANG_WARN_OBJC_ROOT_CLASS = YES_ERROR;
				CLANG_WARN_QUOTED_INCLUDE_IN_FRAMEWORK_HEADER = YES;
				CLANG_WARN_RANGE_LOOP_ANALYSIS = YES;
				CLANG_WARN_STRICT_PROTOTYPES = YES;
				CLANG_WARN_SUSPICIOUS_MOVE = YES;
				CLANG_WARN_UNGUARDED_AVAILABILITY = YES_AGGRESSIVE;
				CLANG_WARN_UNREACHABLE_CODE = YES;
				CLANG_WARN__DUPLICATE_METHOD_MATCH = YES;
				COPY_PHASE_STRIP = NO;
				DEBUG_INFORMATION_FORMAT = dwarf;
				ENABLE_STRICT_OBJC_MSGSEND = YES;
				ENABLE_TESTABILITY = YES;
				GCC_C_LANGUAGE_STANDARD = gnu11;
				GCC_DYNAMIC_NO_PIC = NO;
				GCC_NO_COMMON_BLOCKS = YES;
				GCC_OPTIMIZATION_LEVEL = 0;
				GCC_PREPROCESSOR_DEFINITIONS = (
					"DEBUG=1",
					"$(inherited)",
				);
				GCC_WARN_64_TO_32_BIT_CONVERSION = YES;
				GCC_WARN_ABOUT_RETURN_TYPE = YES_ERROR;
				GCC_WARN_UNDECLARED_SELECTOR = YES;
				GCC_WARN_UNINITIALIZED_AUTOS = YES_AGGRESSIVE;
				GCC_WARN_UNUSED_FUNCTION = YES;
				GCC_WARN_UNUSED_VARIABLE = YES;
				MACOSX_DEPLOYMENT_TARGET = 11.1;
				MTL_ENABLE_DEBUG_INFO = INCLUDE_SOURCE;
				MTL_FAST_MATH = YES;
				ONLY_ACTIVE_ARCH = YES;
				SDKROOT = macosx;
			};
			name = Debug;
		};
		382DC82925E49FCC009474A2 /* Release */ = {
			isa = XCBuildConfiguration;
			buildSettings = {
				ALWAYS_SEARCH_USER_PATHS = NO;
				CLANG_ANALYZER_NONNULL = YES;
				CLANG_ANALYZER_NUMBER_OBJECT_CONVERSION = YES_AGGRESSIVE;
				CLANG_CXX_LANGUAGE_STANDARD = "gnu++14";
				CLANG_CXX_LIBRARY = "libc++";
				CLANG_ENABLE_MODULES = YES;
				CLANG_ENABLE_OBJC_ARC = YES;
				CLANG_ENABLE_OBJC_WEAK = YES;
				CLANG_WARN_BLOCK_CAPTURE_AUTORELEASING = YES;
				CLANG_WARN_BOOL_CONVERSION = YES;
				CLANG_WARN_COMMA = YES;
				CLANG_WARN_CONSTANT_CONVERSION = YES;
				CLANG_WARN_DEPRECATED_OBJC_IMPLEMENTATIONS = YES;
				CLANG_WARN_DIRECT_OBJC_ISA_USAGE = YES_ERROR;
				CLANG_WARN_DOCUMENTATION_COMMENTS = YES;
				CLANG_WARN_EMPTY_BODY = YES;
				CLANG_WARN_ENUM_CONVERSION = YES;
				CLANG_WARN_INFINITE_RECURSION = YES;
				CLANG_WARN_INT_CONVERSION = YES;
				CLANG_WARN_NON_LITERAL_NULL_CONVERSION = YES;
				CLANG_WARN_OBJC_IMPLICIT_RETAIN_SELF = YES;
				CLANG_WARN_OBJC_LITERAL_CONVERSION = YES;
				CLANG_WARN_OBJC_ROOT_CLASS = YES_ERROR;
				CLANG_WARN_QUOTED_INCLUDE_IN_FRAMEWORK_HEADER = YES;
				CLANG_WARN_RANGE_LOOP_ANALYSIS = YES;
				CLANG_WARN_STRICT_PROTOTYPES = YES;
				CLANG_WARN_SUSPICIOUS_MOVE = YES;
				CLANG_WARN_UNGUARDED_AVAILABILITY = YES_AGGRESSIVE;
				CLANG_WARN_UNREACHABLE_CODE = YES;
				CLANG_WARN__DUPLICATE_METHOD_MATCH = YES;
				COPY_PHASE_STRIP = NO;
				DEBUG_INFORMATION_FORMAT = "dwarf-with-dsym";
				ENABLE_NS_ASSERTIONS = NO;
				ENABLE_STRICT_OBJC_MSGSEND = YES;
				GCC_C_LANGUAGE_STANDARD = gnu11;
				GCC_NO_COMMON_BLOCKS = YES;
				GCC_WARN_64_TO_32_BIT_CONVERSION = YES;
				GCC_WARN_ABOUT_RETURN_TYPE = YES_ERROR;
				GCC_WARN_UNDECLARED_SELECTOR = YES;
				GCC_WARN_UNINITIALIZED_AUTOS = YES_AGGRESSIVE;
				GCC_WARN_UNUSED_FUNCTION = YES;
				GCC_WARN_UNUSED_VARIABLE = YES;
				MACOSX_DEPLOYMENT_TARGET = 11.1;
				MTL_ENABLE_DEBUG_INFO = NO;
				MTL_FAST_MATH = YES;
				SDKROOT = macosx;
			};
			name = Release;
		};
		382DC82B25E49FCC009474A2 /* Debug */ = {
			isa = XCBuildConfiguration;
			buildSettings = {
				CODE_SIGN_STYLE = Automatic;
				DEVELOPMENT_TEAM = M473HHV7M5;
				ENABLE_HARDENED_RUNTIME = YES;
				PRODUCT_NAME = "$(TARGET_NAME)";
			};
			name = Debug;
		};
		382DC82C25E49FCC009474A2 /* Release */ = {
			isa = XCBuildConfiguration;
			buildSettings = {
				CODE_SIGN_STYLE = Automatic;
				DEVELOPMENT_TEAM = M473HHV7M5;
				ENABLE_HARDENED_RUNTIME = YES;
				PRODUCT_NAME = "$(TARGET_NAME)";
			};
			name = Release;
		};
/* End XCBuildConfiguration section */

/* Begin XCConfigurationList section */
		382DC81E25E49FCC009474A2 /* Build configuration list for PBXProject "OC_Bottom" */ = {
			isa = XCConfigurationList;
			buildConfigurations = (
				382DC82825E49FCC009474A2 /* Debug */,
				382DC82925E49FCC009474A2 /* Release */,
			);
			defaultConfigurationIsVisible = 0;
			defaultConfigurationName = Release;
		};
		382DC82A25E49FCC009474A2 /* Build configuration list for PBXNativeTarget "OC_Bottom" */ = {
			isa = XCConfigurationList;
			buildConfigurations = (
				382DC82B25E49FCC009474A2 /* Debug */,
				382DC82C25E49FCC009474A2 /* Release */,
			);
			defaultConfigurationIsVisible = 0;
			defaultConfigurationName = Release;
		};
/* End XCConfigurationList section */
	};
	rootObject = 382DC81B25E49FCC009474A2 /* Project object */;
}
